{
  "name": "memegenerator",
  "version": "0.1.0",
  "lockfileVersion": 1,
  "requires": true,
  "dependencies": {
    "dom-to-image-more": {
      "version": "2.7.5",
      "resolved": "https://registry.npmjs.org/dom-to-image-more/-/dom-to-image-more-2.7.5.tgz",
      "integrity": "sha512-SL6uAAPQbrqIpDPouJEt49pxm0VhCCoAJxtn1B3AzjEFc83URCrmA1PIb45UkuZCuLcWYQDS5MMfnvBeZ3Re4g=="
    }
  }
}
